
Microsoft Visual Studio Solution File, Format Version 12.00
# Visual Studio 15
VisualStudioVersion = 15.0.28307.539
MinimumVisualStudioVersion = 10.0.40219.1
Project("{FAE04EC0-301F-11D3-BF4B-00C04F79EFBC}") = "MeineLib", "MeineLib\MeineLib.csproj", "{D26E120B-FC3C-419D-B403-3C85C5507FB3}"
EndProject
Global
	GlobalSection(SolutionConfigurationPlatforms) = preSolution
		Debug|Any CPU = Debug|Any CPU
		Release|Any CPU = Release|Any CPU
	EndGlobalSection
	GlobalSection(ProjectConfigurationPlatforms) = postSolution
		{D26E120B-FC3C-419D-B403-3C85C5507FB3}.Debug|Any CPU.ActiveCfg = Debug|Any CPU
		{D26E120B-FC3C-419D-B403-3C85C5507FB3}.Debug|Any CPU.Build.0 = Debug|Any CPU
		{D26E120B-FC3C-419D-B403-3C85C5507FB3}.Release|Any CPU.ActiveCfg = Release|Any CPU
		{D26E120B-FC3C-419D-B403-3C85C5507FB3}.Release|Any CPU.Build.0 = Release|Any CPU
	EndGlobalSection
	GlobalSection(SolutionProperties) = preSolution
		HideSolutionNode = FALSE
	EndGlobalSection
	GlobalSection(ExtensibilityGlobals) = postSolution
		SolutionGuid = {C0A2193E-CF57-4DC5-B3A8-963F3806DB4F}
	EndGlobalSection
EndGlobal
