
Microsoft Visual Studio Solution File, Format Version 12.00
# Visual Studio 15
VisualStudioVersion = 15.0.28307.539
MinimumVisualStudioVersion = 10.0.40219.1
Project("{2150E333-8FDC-42A3-9474-1A3956D46DE8}") = "Domain", "Domain", "{D52C5FCC-B22F-4D37-82CA-CB9DACC82043}"
EndProject
Project("{2150E333-8FDC-42A3-9474-1A3956D46DE8}") = "Data", "Data", "{D6AD1CD4-6078-41CE-9D36-41C231C15DA1}"
EndProject
Project("{2150E333-8FDC-42A3-9474-1A3956D46DE8}") = "Logic", "Logic", "{97D73B43-AC39-46BB-8F36-DF731D8472EE}"
EndProject
Project("{2150E333-8FDC-42A3-9474-1A3956D46DE8}") = "UI", "UI", "{C644489B-0DF2-45B3-817F-EC64972CDC29}"
EndProject
Project("{FAE04EC0-301F-11D3-BF4B-00C04F79EFBC}") = "ppedv.Antish.Domain", "Domain\ppedv.Antish.Domain\ppedv.Antish.Domain.csproj", "{BD6D0537-941E-4155-A5EB-77AB8C4F9F74}"
EndProject
Project("{FAE04EC0-301F-11D3-BF4B-00C04F79EFBC}") = "ppedv.Antish.Data.EF", "Data\ppedv.Antish.Data.EF\ppedv.Antish.Data.EF.csproj", "{C6A889BB-18F6-4073-B412-1466E5009EE3}"
EndProject
Project("{FAE04EC0-301F-11D3-BF4B-00C04F79EFBC}") = "ppedv.Antish.Data.EF.Tests", "Data\ppedv.Antish.Data.EF.Tests\ppedv.Antish.Data.EF.Tests.csproj", "{D733192E-D749-4534-8CA0-54595E6DBEAF}"
EndProject
Project("{FAE04EC0-301F-11D3-BF4B-00C04F79EFBC}") = "ppedv.Antish.Logic", "Logic\ppedv.Antish.Logic\ppedv.Antish.Logic.csproj", "{0009A2AA-30D6-47AD-9F19-0DD361313039}"
EndProject
Project("{FAE04EC0-301F-11D3-BF4B-00C04F79EFBC}") = "RoboTech.Hardware", "Logic\RoboTech.Hardware\RoboTech.Hardware.csproj", "{08E18B1C-2FBC-4C69-88A7-1DE7BE42D253}"
EndProject
Project("{FAE04EC0-301F-11D3-BF4B-00C04F79EFBC}") = "RoboTech.Hardware.Tests", "Logic\RoboTech.Hardware.Tests\RoboTech.Hardware.Tests.csproj", "{9BBFC28B-9238-476F-AF30-C69C3CA4A35C}"
EndProject
Project("{FAE04EC0-301F-11D3-BF4B-00C04F79EFBC}") = "ppedv.Antish.Logic.Tests", "Logic\ppedv.Antish.Logic.Tests\ppedv.Antish.Logic.Tests.csproj", "{7E7C26A2-4E0F-47A9-8CB7-982A193671A2}"
EndProject
Project("{FAE04EC0-301F-11D3-BF4B-00C04F79EFBC}") = "ppedv.Antish.UI.Konsole", "UI\ppedv.Antish.UI.Konsole\ppedv.Antish.UI.Konsole.csproj", "{6927D40F-A9E0-421D-BECF-C591C703624F}"
EndProject
Global
	GlobalSection(SolutionConfigurationPlatforms) = preSolution
		Debug|Any CPU = Debug|Any CPU
		Release|Any CPU = Release|Any CPU
	EndGlobalSection
	GlobalSection(ProjectConfigurationPlatforms) = postSolution
		{BD6D0537-941E-4155-A5EB-77AB8C4F9F74}.Debug|Any CPU.ActiveCfg = Debug|Any CPU
		{BD6D0537-941E-4155-A5EB-77AB8C4F9F74}.Debug|Any CPU.Build.0 = Debug|Any CPU
		{BD6D0537-941E-4155-A5EB-77AB8C4F9F74}.Release|Any CPU.ActiveCfg = Release|Any CPU
		{BD6D0537-941E-4155-A5EB-77AB8C4F9F74}.Release|Any CPU.Build.0 = Release|Any CPU
		{C6A889BB-18F6-4073-B412-1466E5009EE3}.Debug|Any CPU.ActiveCfg = Debug|Any CPU
		{C6A889BB-18F6-4073-B412-1466E5009EE3}.Debug|Any CPU.Build.0 = Debug|Any CPU
		{C6A889BB-18F6-4073-B412-1466E5009EE3}.Release|Any CPU.ActiveCfg = Release|Any CPU
		{C6A889BB-18F6-4073-B412-1466E5009EE3}.Release|Any CPU.Build.0 = Release|Any CPU
		{D733192E-D749-4534-8CA0-54595E6DBEAF}.Debug|Any CPU.ActiveCfg = Debug|Any CPU
		{D733192E-D749-4534-8CA0-54595E6DBEAF}.Debug|Any CPU.Build.0 = Debug|Any CPU
		{D733192E-D749-4534-8CA0-54595E6DBEAF}.Release|Any CPU.ActiveCfg = Release|Any CPU
		{D733192E-D749-4534-8CA0-54595E6DBEAF}.Release|Any CPU.Build.0 = Release|Any CPU
		{0009A2AA-30D6-47AD-9F19-0DD361313039}.Debug|Any CPU.ActiveCfg = Debug|Any CPU
		{0009A2AA-30D6-47AD-9F19-0DD361313039}.Debug|Any CPU.Build.0 = Debug|Any CPU
		{0009A2AA-30D6-47AD-9F19-0DD361313039}.Release|Any CPU.ActiveCfg = Release|Any CPU
		{0009A2AA-30D6-47AD-9F19-0DD361313039}.Release|Any CPU.Build.0 = Release|Any CPU
		{08E18B1C-2FBC-4C69-88A7-1DE7BE42D253}.Debug|Any CPU.ActiveCfg = Debug|Any CPU
		{08E18B1C-2FBC-4C69-88A7-1DE7BE42D253}.Debug|Any CPU.Build.0 = Debug|Any CPU
		{08E18B1C-2FBC-4C69-88A7-1DE7BE42D253}.Release|Any CPU.ActiveCfg = Release|Any CPU
		{08E18B1C-2FBC-4C69-88A7-1DE7BE42D253}.Release|Any CPU.Build.0 = Release|Any CPU
		{9BBFC28B-9238-476F-AF30-C69C3CA4A35C}.Debug|Any CPU.ActiveCfg = Debug|Any CPU
		{9BBFC28B-9238-476F-AF30-C69C3CA4A35C}.Debug|Any CPU.Build.0 = Debug|Any CPU
		{9BBFC28B-9238-476F-AF30-C69C3CA4A35C}.Release|Any CPU.ActiveCfg = Release|Any CPU
		{9BBFC28B-9238-476F-AF30-C69C3CA4A35C}.Release|Any CPU.Build.0 = Release|Any CPU
		{7E7C26A2-4E0F-47A9-8CB7-982A193671A2}.Debug|Any CPU.ActiveCfg = Debug|Any CPU
		{7E7C26A2-4E0F-47A9-8CB7-982A193671A2}.Debug|Any CPU.Build.0 = Debug|Any CPU
		{7E7C26A2-4E0F-47A9-8CB7-982A193671A2}.Release|Any CPU.ActiveCfg = Release|Any CPU
		{7E7C26A2-4E0F-47A9-8CB7-982A193671A2}.Release|Any CPU.Build.0 = Release|Any CPU
		{6927D40F-A9E0-421D-BECF-C591C703624F}.Debug|Any CPU.ActiveCfg = Debug|Any CPU
		{6927D40F-A9E0-421D-BECF-C591C703624F}.Debug|Any CPU.Build.0 = Debug|Any CPU
		{6927D40F-A9E0-421D-BECF-C591C703624F}.Release|Any CPU.ActiveCfg = Release|Any CPU
		{6927D40F-A9E0-421D-BECF-C591C703624F}.Release|Any CPU.Build.0 = Release|Any CPU
	EndGlobalSection
	GlobalSection(SolutionProperties) = preSolution
		HideSolutionNode = FALSE
	EndGlobalSection
	GlobalSection(NestedProjects) = preSolution
		{BD6D0537-941E-4155-A5EB-77AB8C4F9F74} = {D52C5FCC-B22F-4D37-82CA-CB9DACC82043}
		{C6A889BB-18F6-4073-B412-1466E5009EE3} = {D6AD1CD4-6078-41CE-9D36-41C231C15DA1}
		{D733192E-D749-4534-8CA0-54595E6DBEAF} = {D6AD1CD4-6078-41CE-9D36-41C231C15DA1}
		{0009A2AA-30D6-47AD-9F19-0DD361313039} = {97D73B43-AC39-46BB-8F36-DF731D8472EE}
		{08E18B1C-2FBC-4C69-88A7-1DE7BE42D253} = {97D73B43-AC39-46BB-8F36-DF731D8472EE}
		{9BBFC28B-9238-476F-AF30-C69C3CA4A35C} = {97D73B43-AC39-46BB-8F36-DF731D8472EE}
		{7E7C26A2-4E0F-47A9-8CB7-982A193671A2} = {97D73B43-AC39-46BB-8F36-DF731D8472EE}
		{6927D40F-A9E0-421D-BECF-C591C703624F} = {C644489B-0DF2-45B3-817F-EC64972CDC29}
	EndGlobalSection
	GlobalSection(ExtensibilityGlobals) = postSolution
		SolutionGuid = {A115B4F8-4E3D-445A-8800-4899107EC254}
	EndGlobalSection
EndGlobal
